<Solution>
  <Project Path="Instrux.Domain/Instrux.Domain.csproj" />
  <Project Path="Instrux.Services/Instrux.Services.csproj" />
  <Project Path="Instrux.Infrastructure/Instrux.Infrastructure.csproj" />
  <Project Path="Instrux.App/Instrux.App.csproj" />
  <Project Path="Instrux.App.Tests/Instrux.App.Tests.csproj" />
</Solution>